
Microsoft Visual Studio Solution File, Format Version 12.00
# Visual Studio 14
VisualStudioVersion = 14.0.25420.1
MinimumVisualStudioVersion = 10.0.40219.1
Project("{FAE04EC0-301F-11D3-BF4B-00C04F79EFBC}") = "MinhThanhShop.Common", "MinhThanhShop.Common\MinhThanhShop.Common.csproj", "{24D8D6DA-47C7-466D-BEC5-1A83C632EF09}"
EndProject
Project("{FAE04EC0-301F-11D3-BF4B-00C04F79EFBC}") = "MinhThanhShop.Data", "MinhThanhShop.Data\MinhThanhShop.Data.csproj", "{B694FE9B-5ECC-4912-9DD7-65C6F4B8399E}"
EndProject
Project("{FAE04EC0-301F-11D3-BF4B-00C04F79EFBC}") = "MinhThanhShop.Model", "MinhThanhShop.Model\MinhThanhShop.Model.csproj", "{3EB057E9-7763-4334-AE11-AD507F29392D}"
EndProject
Project("{FAE04EC0-301F-11D3-BF4B-00C04F79EFBC}") = "MinhThanhShop.UnitTest", "MinhThanhShop.UnitTest\MinhThanhShop.UnitTest.csproj", "{31766826-C712-4A08-8F8E-4A62D52D596E}"
EndProject
Project("{FAE04EC0-301F-11D3-BF4B-00C04F79EFBC}") = "MinhThanhShop.Web", "MinhThanhShop.Web\MinhThanhShop.Web.csproj", "{42B46E68-1C9A-41DA-BA22-FAAA5A74E5EB}"
EndProject
Project("{FAE04EC0-301F-11D3-BF4B-00C04F79EFBC}") = "MinhThanhShop.Service", "MinhThanhShop.Service\MinhThanhShop.Service.csproj", "{A4B9226D-C723-4A5C-B4B0-720A3A946B4B}"
EndProject
Global
	GlobalSection(SolutionConfigurationPlatforms) = preSolution
		Debug|Any CPU = Debug|Any CPU
		Release|Any CPU = Release|Any CPU
	EndGlobalSection
	GlobalSection(ProjectConfigurationPlatforms) = postSolution
		{24D8D6DA-47C7-466D-BEC5-1A83C632EF09}.Debug|Any CPU.ActiveCfg = Debug|Any CPU
		{24D8D6DA-47C7-466D-BEC5-1A83C632EF09}.Debug|Any CPU.Build.0 = Debug|Any CPU
		{24D8D6DA-47C7-466D-BEC5-1A83C632EF09}.Release|Any CPU.ActiveCfg = Release|Any CPU
		{24D8D6DA-47C7-466D-BEC5-1A83C632EF09}.Release|Any CPU.Build.0 = Release|Any CPU
		{B694FE9B-5ECC-4912-9DD7-65C6F4B8399E}.Debug|Any CPU.ActiveCfg = Debug|Any CPU
		{B694FE9B-5ECC-4912-9DD7-65C6F4B8399E}.Debug|Any CPU.Build.0 = Debug|Any CPU
		{B694FE9B-5ECC-4912-9DD7-65C6F4B8399E}.Release|Any CPU.ActiveCfg = Release|Any CPU
		{B694FE9B-5ECC-4912-9DD7-65C6F4B8399E}.Release|Any CPU.Build.0 = Release|Any CPU
		{3EB057E9-7763-4334-AE11-AD507F29392D}.Debug|Any CPU.ActiveCfg = Debug|Any CPU
		{3EB057E9-7763-4334-AE11-AD507F29392D}.Debug|Any CPU.Build.0 = Debug|Any CPU
		{3EB057E9-7763-4334-AE11-AD507F29392D}.Release|Any CPU.ActiveCfg = Release|Any CPU
		{3EB057E9-7763-4334-AE11-AD507F29392D}.Release|Any CPU.Build.0 = Release|Any CPU
		{31766826-C712-4A08-8F8E-4A62D52D596E}.Debug|Any CPU.ActiveCfg = Debug|Any CPU
		{31766826-C712-4A08-8F8E-4A62D52D596E}.Debug|Any CPU.Build.0 = Debug|Any CPU
		{31766826-C712-4A08-8F8E-4A62D52D596E}.Release|Any CPU.ActiveCfg = Release|Any CPU
		{31766826-C712-4A08-8F8E-4A62D52D596E}.Release|Any CPU.Build.0 = Release|Any CPU
		{42B46E68-1C9A-41DA-BA22-FAAA5A74E5EB}.Debug|Any CPU.ActiveCfg = Debug|Any CPU
		{42B46E68-1C9A-41DA-BA22-FAAA5A74E5EB}.Debug|Any CPU.Build.0 = Debug|Any CPU
		{42B46E68-1C9A-41DA-BA22-FAAA5A74E5EB}.Release|Any CPU.ActiveCfg = Release|Any CPU
		{42B46E68-1C9A-41DA-BA22-FAAA5A74E5EB}.Release|Any CPU.Build.0 = Release|Any CPU
		{A4B9226D-C723-4A5C-B4B0-720A3A946B4B}.Debug|Any CPU.ActiveCfg = Debug|Any CPU
		{A4B9226D-C723-4A5C-B4B0-720A3A946B4B}.Debug|Any CPU.Build.0 = Debug|Any CPU
		{A4B9226D-C723-4A5C-B4B0-720A3A946B4B}.Release|Any CPU.ActiveCfg = Release|Any CPU
		{A4B9226D-C723-4A5C-B4B0-720A3A946B4B}.Release|Any CPU.Build.0 = Release|Any CPU
	EndGlobalSection
	GlobalSection(SolutionProperties) = preSolution
		HideSolutionNode = FALSE
	EndGlobalSection
EndGlobal
